// !$*UTF8*$!
{
	archiveVersion = 1;
	classes = {
	};
	objectVersion = 48;
	objects = {

/* Begin PBXBuildFile section */
		AF326FBA2007DBC0002FED7E /* AppDelegate.swift in Sources */ = {isa = PBXBuildFile; fileRef = AF326FB92007DBC0002FED7E /* AppDelegate.swift */; };
		AF326FBC2007DBC0002FED7E /* ViewController.swift in Sources */ = {isa = PBXBuildFile; fileRef = AF326FBB2007DBC0002FED7E /* ViewController.swift */; };
		AF326FBF2007DBC0002FED7E /* Main.storyboard in Resources */ = {isa = PBXBuildFile; fileRef = AF326FBD2007DBC0002FED7E /* Main.storyboard */; };
		AF326FC12007DBC0002FED7E /* Assets.xcassets in Resources */ = {isa = PBXBuildFile; fileRef = AF326FC02007DBC0002FED7E /* Assets.xcassets */; };
		AF326FC42007DBC0002FED7E /* LaunchScreen.storyboard in Resources */ = {isa = PBXBuildFile; fileRef = AF326FC22007DBC0002FED7E /* LaunchScreen.storyboard */; };
		AF326FCC2007DCAE002FED7E /* bach.jpg in Resources */ = {isa = PBXBuildFile; fileRef = AF326FCB2007DCAE002FED7E /* bach.jpg */; };
		AF326FCE2007DCB5002FED7E /* sheep.mp3 in Resources */ = {isa = PBXBuildFile; fileRef = AF326FCD2007DCB5002FED7E /* sheep.mp3 */; };
/* End PBXBuildFile section */

/* Begin PBXFileReference section */
		AF326FB62007DBC0002FED7E /* Back to Bach.app */ = {isa = PBXFileReference; explicitFileType = wrapper.application; includeInIndex = 0; path = "Back to Bach.app"; sourceTree = BUILT_PRODUCTS_DIR; };
		AF326FB92007DBC0002FED7E /* AppDelegate.swift */ = {isa = PBXFileReference; lastKnownFileType = sourcecode.swift; path = AppDelegate.swift; sourceTree = "<group>"; };
		AF326FBB2007DBC0002FED7E /* ViewController.swift */ = {isa = PBXFileReference; lastKnownFileType = sourcecode.swift; path = ViewController.swift; sourceTree = "<group>"; };
		AF326FBE2007DBC0002FED7E /* Base */ = {isa = PBXFileReference; lastKnownFileType = file.storyboard; name = Base; path = Base.lproj/Main.storyboard; sourceTree = "<group>"; };
		AF326FC02007DBC0002FED7E /* Assets.xcassets */ = {isa = PBXFileReference; lastKnownFileType = folder.assetcatalog; path = Assets.xcassets; sourceTree = "<group>"; };
		AF326FC32007DBC0002FED7E /* Base */ = {isa = PBXFileReference; lastKnownFileType = file.storyboard; name = Base; path = Base.lproj/LaunchScreen.storyboard; sourceTree = "<group>"; };
		AF326FC52007DBC0002FED7E /* Info.plist */ = {isa = PBXFileReference; lastKnownFileType = text.plist.xml; path = Info.plist; sourceTree = "<group>"; };
		AF326FCB2007DCAE002FED7E /* bach.jpg */ = {isa = PBXFileReference; lastKnownFileType = image.jpeg; path = bach.jpg; sourceTree = "<group>"; };
		AF326FCD2007DCB5002FED7E /* sheep.mp3 */ = {isa = PBXFileReference; lastKnownFileType = audio.mp3; path = sheep.mp3; sourceTree = "<group>"; };
/* End PBXFileReference section */

/* Begin PBXFrameworksBuildPhase section */
		AF326FB32007DBC0002FED7E /* Frameworks */ = {
			isa = PBXFrameworksBuildPhase;
			buildActionMask = 2147483647;
			files = (
			);
			runOnlyForDeploymentPostprocessing = 0;
		};
/* End PBXFrameworksBuildPhase section */

/* Begin PBXGroup section */
		AF326FAD2007DBBF002FED7E = {
			isa = PBXGroup;
			children = (
				AF326FB82007DBC0002FED7E /* Back to Bach */,
				AF326FB72007DBC0002FED7E /* Products */,
			);
			sourceTree = "<group>";
		};
		AF326FB72007DBC0002FED7E /* Products */ = {
			isa = PBXGroup;
			children = (
				AF326FB62007DBC0002FED7E /* Back to Bach.app */,
			);
			name = Products;
			sourceTree = "<group>";
		};
		AF326FB82007DBC0002FED7E /* Back to Bach */ = {
			isa = PBXGroup;
			children = (
				AF326FB92007DBC0002FED7E /* AppDelegate.swift */,
				AF326FBB2007DBC0002FED7E /* ViewController.swift */,
				AF326FBD2007DBC0002FED7E /* Main.storyboard */,
				AF326FCB2007DCAE002FED7E /* bach.jpg */,
				AF326FCD2007DCB5002FED7E /* sheep.mp3 */,
				AF326FC02007DBC0002FED7E /* Assets.xcassets */,
				AF326FC22007DBC0002FED7E /* LaunchScreen.storyboard */,
				AF326FC52007DBC0002FED7E /* Info.plist */,
			);
			path = "Back to Bach";
			sourceTree = "<group>";
		};
/* End PBXGroup section */

/* Begin PBXNativeTarget section */
		AF326FB52007DBC0002FED7E /* Back to Bach */ = {
			isa = PBXNativeTarget;
			buildConfigurationList = AF326FC82007DBC0002FED7E /* Build configuration list for PBXNativeTarget "Back to Bach" */;
			buildPhases = (
				AF326FB22007DBC0002FED7E /* Sources */,
				AF326FB32007DBC0002FED7E /* Frameworks */,
				AF326FB42007DBC0002FED7E /* Resources */,
			);
			buildRules = (
			);
			dependencies = (
			);
			name = "Back to Bach";
			productName = "Back to Bach";
			productReference = AF326FB62007DBC0002FED7E /* Back to Bach.app */;
			productType = "com.apple.product-type.application";
		};
/* End PBXNativeTarget section */

/* Begin PBXProject section */
		AF326FAE2007DBBF002FED7E /* Project object */ = {
			isa = PBXProject;
			attributes = {
				LastSwiftUpdateCheck = 0920;
				LastUpgradeCheck = 0920;
				ORGANIZATIONNAME = iGarcia;
				TargetAttributes = {
					AF326FB52007DBC0002FED7E = {
						CreatedOnToolsVersion = 9.2;
						ProvisioningStyle = Automatic;
					};
				};
			};
			buildConfigurationList = AF326FB12007DBBF002FED7E /* Build configuration list for PBXProject "Back to Bach" */;
			compatibilityVersion = "Xcode 8.0";
			developmentRegion = en;
			hasScannedForEncodings = 0;
			knownRegions = (
				en,
				Base,
			);
			mainGroup = AF326FAD2007DBBF002FED7E;
			productRefGroup = AF326FB72007DBC0002FED7E /* Products */;
			projectDirPath = "";
			projectRoot = "";
			targets = (
				AF326FB52007DBC0002FED7E /* Back to Bach */,
			);
		};
/* End PBXProject section */

/* Begin PBXResourcesBuildPhase section */
		AF326FB42007DBC0002FED7E /* Resources */ = {
			isa = PBXResourcesBuildPhase;
			buildActionMask = 2147483647;
			files = (
				AF326FCE2007DCB5002FED7E /* sheep.mp3 in Resources */,
				AF326FC42007DBC0002FED7E /* LaunchScreen.storyboard in Resources */,
				AF326FCC2007DCAE002FED7E /* bach.jpg in Resources */,
				AF326FC12007DBC0002FED7E /* Assets.xcassets in Resources */,
				AF326FBF2007DBC0002FED7E /* Main.storyboard in Resources */,
			);
			runOnlyForDeploymentPostprocessing = 0;
		};
/* End PBXResourcesBuildPhase section */

/* Begin PBXSourcesBuildPhase section */
		AF326FB22007DBC0002FED7E /* Sources */ = {
			isa = PBXSourcesBuildPhase;
			buildActionMask = 2147483647;
			files = (
				AF326FBC2007DBC0002FED7E /* ViewController.swift in Sources */,
				AF326FBA2007DBC0002FED7E /* AppDelegate.swift in Sources */,
			);
			runOnlyForDeploymentPostprocessing = 0;
		};
/* End PBXSourcesBuildPhase section */

/* Begin PBXVariantGroup section */
		AF326FBD2007DBC0002FED7E /* Main.storyboard */ = {
			isa = PBXVariantGroup;
			children = (
				AF326FBE2007DBC0002FED7E /* Base */,
			);
			name = Main.storyboard;
			sourceTree = "<group>";
		};
		AF326FC22007DBC0002FED7E /* LaunchScreen.storyboard */ = {
			isa = PBXVariantGroup;
			children = (
				AF326FC32007DBC0002FED7E /* Base */,
			);
			name = LaunchScreen.storyboard;
			sourceTree = "<group>";
		};
/* End PBXVariantGroup section */

/* Begin XCBuildConfiguration section */
		AF326FC62007DBC0002FED7E /* Debug */ = {
			isa = XCBuildConfiguration;
			buildSettings = {
				ALWAYS_SEARCH_USER_PATHS = NO;
				CLANG_ANALYZER_NONNULL = YES;
				CLANG_ANALYZER_NUMBER_OBJECT_CONVERSION = YES_AGGRESSIVE;
				CLANG_CXX_LANGUAGE_STANDARD = "gnu++14";
				CLANG_CXX_LIBRARY = "libc++";
				CLANG_ENABLE_MODULES = YES;
				CLANG_ENABLE_OBJC_ARC = YES;
				CLANG_WARN_BLOCK_CAPTURE_AUTORELEASING = YES;
				CLANG_WARN_BOOL_CONVERSION = YES;
				CLANG_WARN_COMMA = YES;
				CLANG_WARN_CONSTANT_CONVERSION = YES;
				CLANG_WARN_DIRECT_OBJC_ISA_USAGE = YES_ERROR;
				CLANG_WARN_DOCUMENTATION_COMMENTS = YES;
				CLANG_WARN_EMPTY_BODY = YES;
				CLANG_WARN_ENUM_CONVERSION = YES;
				CLANG_WARN_INFINITE_RECURSION = YES;
				CLANG_WARN_INT_CONVERSION = YES;
				CLANG_WARN_NON_LITERAL_NULL_CONVERSION = YES;
				CLANG_WARN_OBJC_LITERAL_CONVERSION = YES;
				CLANG_WARN_OBJC_ROOT_CLASS = YES_ERROR;
				CLANG_WARN_RANGE_LOOP_ANALYSIS = YES;
				CLANG_WARN_STRICT_PROTOTYPES = YES;
				CLANG_WARN_SUSPICIOUS_MOVE = YES;
				CLANG_WARN_UNGUARDED_AVAILABILITY = YES_AGGRESSIVE;
				CLANG_WARN_UNREACHABLE_CODE = YES;
				CLANG_WARN__DUPLICATE_METHOD_MATCH = YES;
				CODE_SIGN_IDENTITY = "iPhone Developer";
				COPY_PHASE_STRIP = NO;
				DEBUG_INFORMATION_FORMAT = dwarf;
				ENABLE_STRICT_OBJC_MSGSEND = YES;
				ENABLE_TESTABILITY = YES;
				GCC_C_LANGUAGE_STANDARD = gnu11;
				GCC_DYNAMIC_NO_PIC = NO;
				GCC_NO_COMMON_BLOCKS = YES;
				GCC_OPTIMIZATION_LEVEL = 0;
				GCC_PREPROCESSOR_DEFINITIONS = (
					"DEBUG=1",
					"$(inherited)",
				);
				GCC_WARN_64_TO_32_BIT_CONVERSION = YES;
				GCC_WARN_ABOUT_RETURN_TYPE = YES_ERROR;
				GCC_WARN_UNDECLARED_SELECTOR = YES;
				GCC_WARN_UNINITIALIZED_AUTOS = YES_AGGRESSIVE;
				GCC_WARN_UNUSED_FUNCTION = YES;
				GCC_WARN_UNUSED_VARIABLE = YES;
				IPHONEOS_DEPLOYMENT_TARGET = 11.2;
				MTL_ENABLE_DEBUG_INFO = YES;
				ONLY_ACTIVE_ARCH = YES;
				SDKROOT = iphoneos;
				SWIFT_ACTIVE_COMPILATION_CONDITIONS = DEBUG;
				SWIFT_OPTIMIZATION_LEVEL = "-Onone";
			};
			name = Debug;
		};
		AF326FC72007DBC0002FED7E /* Release */ = {
			isa = XCBuildConfiguration;
			buildSettings = {
				ALWAYS_SEARCH_USER_PATHS = NO;
				CLANG_ANALYZER_NONNULL = YES;
				CLANG_ANALYZER_NUMBER_OBJECT_CONVERSION = YES_AGGRESSIVE;
				CLANG_CXX_LANGUAGE_STANDARD = "gnu++14";
				CLANG_CXX_LIBRARY = "libc++";
				CLANG_ENABLE_MODULES = YES;
				CLANG_ENABLE_OBJC_ARC = YES;
				CLANG_WARN_BLOCK_CAPTURE_AUTORELEASING = YES;
				CLANG_WARN_BOOL_CONVERSION = YES;
				CLANG_WARN_COMMA = YES;
				CLANG_WARN_CONSTANT_CONVERSION = YES;
				CLANG_WARN_DIRECT_OBJC_ISA_USAGE = YES_ERROR;
				CLANG_WARN_DOCUMENTATION_COMMENTS = YES;
				CLANG_WARN_EMPTY_BODY = YES;
				CLANG_WARN_ENUM_CONVERSION = YES;
				CLANG_WARN_INFINITE_RECURSION = YES;
				CLANG_WARN_INT_CONVERSION = YES;
				CLANG_WARN_NON_LITERAL_NULL_CONVERSION = YES;
				CLANG_WARN_OBJC_LITERAL_CONVERSION = YES;
				CLANG_WARN_OBJC_ROOT_CLASS = YES_ERROR;
				CLANG_WARN_RANGE_LOOP_ANALYSIS = YES;
				CLANG_WARN_STRICT_PROTOTYPES = YES;
				CLANG_WARN_SUSPICIOUS_MOVE = YES;
				CLANG_WARN_UNGUARDED_AVAILABILITY = YES_AGGRESSIVE;
				CLANG_WARN_UNREACHABLE_CODE = YES;
				CLANG_WARN__DUPLICATE_METHOD_MATCH = YES;
				CODE_SIGN_IDENTITY = "iPhone Developer";
				COPY_PHASE_STRIP = NO;
				DEBUG_INFORMATION_FORMAT = "dwarf-with-dsym";
				ENABLE_NS_ASSERTIONS = NO;
				ENABLE_STRICT_OBJC_MSGSEND = YES;
				GCC_C_LANGUAGE_STANDARD = gnu11;
				GCC_NO_COMMON_BLOCKS = YES;
				GCC_WARN_64_TO_32_BIT_CONVERSION = YES;
				GCC_WARN_ABOUT_RETURN_TYPE = YES_ERROR;
				GCC_WARN_UNDECLARED_SELECTOR = YES;
				GCC_WARN_UNINITIALIZED_AUTOS = YES_AGGRESSIVE;
				GCC_WARN_UNUSED_FUNCTION = YES;
				GCC_WARN_UNUSED_VARIABLE = YES;
				IPHONEOS_DEPLOYMENT_TARGET = 11.2;
				MTL_ENABLE_DEBUG_INFO = NO;
				SDKROOT = iphoneos;
				SWIFT_OPTIMIZATION_LEVEL = "-Owholemodule";
				VALIDATE_PRODUCT = YES;
			};
			name = Release;
		};
		AF326FC92007DBC0002FED7E /* Debug */ = {
			isa = XCBuildConfiguration;
			buildSettings = {
				ASSETCATALOG_COMPILER_APPICON_NAME = AppIcon;
				CODE_SIGN_STYLE = Automatic;
				INFOPLIST_FILE = "Back to Bach/Info.plist";
				LD_RUNPATH_SEARCH_PATHS = "$(inherited) @executable_path/Frameworks";
				PRODUCT_BUNDLE_IDENTIFIER = "com.iGarcia.Back-to-Bach";
				PRODUCT_NAME = "$(TARGET_NAME)";
				SWIFT_VERSION = 4.0;
				TARGETED_DEVICE_FAMILY = "1,2";
			};
			name = Debug;
		};
		AF326FCA2007DBC0002FED7E /* Release */ = {
			isa = XCBuildConfiguration;
			buildSettings = {
				ASSETCATALOG_COMPILER_APPICON_NAME = AppIcon;
				CODE_SIGN_STYLE = Automatic;
				INFOPLIST_FILE = "Back to Bach/Info.plist";
				LD_RUNPATH_SEARCH_PATHS = "$(inherited) @executable_path/Frameworks";
				PRODUCT_BUNDLE_IDENTIFIER = "com.iGarcia.Back-to-Bach";
				PRODUCT_NAME = "$(TARGET_NAME)";
				SWIFT_VERSION = 4.0;
				TARGETED_DEVICE_FAMILY = "1,2";
			};
			name = Release;
		};
/* End XCBuildConfiguration section */

/* Begin XCConfigurationList section */
		AF326FB12007DBBF002FED7E /* Build configuration list for PBXProject "Back to Bach" */ = {
			isa = XCConfigurationList;
			buildConfigurations = (
				AF326FC62007DBC0002FED7E /* Debug */,
				AF326FC72007DBC0002FED7E /* Release */,
			);
			defaultConfigurationIsVisible = 0;
			defaultConfigurationName = Release;
		};
		AF326FC82007DBC0002FED7E /* Build configuration list for PBXNativeTarget "Back to Bach" */ = {
			isa = XCConfigurationList;
			buildConfigurations = (
				AF326FC92007DBC0002FED7E /* Debug */,
				AF326FCA2007DBC0002FED7E /* Release */,
			);
			defaultConfigurationIsVisible = 0;
			defaultConfigurationName = Release;
		};
/* End XCConfigurationList section */
	};
	rootObject = AF326FAE2007DBBF002FED7E /* Project object */;
}
