// !$*UTF8*$!
{
	archiveVersion = 1;
	classes = {
	};
	objectVersion = 48;
	objects = {

/* Begin PBXBuildFile section */
		AF280C571FB39FB4003D45E6 /* AppDelegate.swift in Sources */ = {isa = PBXBuildFile; fileRef = AF280C561FB39FB4003D45E6 /* AppDelegate.swift */; };
		AF280C591FB39FB4003D45E6 /* ViewController.swift in Sources */ = {isa = PBXBuildFile; fileRef = AF280C581FB39FB4003D45E6 /* ViewController.swift */; };
		AF280C5C1FB39FB4003D45E6 /* Main.storyboard in Resources */ = {isa = PBXBuildFile; fileRef = AF280C5A1FB39FB4003D45E6 /* Main.storyboard */; };
		AF280C5E1FB39FB4003D45E6 /* Assets.xcassets in Resources */ = {isa = PBXBuildFile; fileRef = AF280C5D1FB39FB4003D45E6 /* Assets.xcassets */; };
		AF280C611FB39FB4003D45E6 /* LaunchScreen.storyboard in Resources */ = {isa = PBXBuildFile; fileRef = AF280C5F1FB39FB4003D45E6 /* LaunchScreen.storyboard */; };
		AF280C6B1FB39FD0003D45E6 /* board.png in Resources */ = {isa = PBXBuildFile; fileRef = AF280C681FB39FD0003D45E6 /* board.png */; };
		AF280C6C1FB39FD0003D45E6 /* nought.png in Resources */ = {isa = PBXBuildFile; fileRef = AF280C691FB39FD0003D45E6 /* nought.png */; };
		AF280C6D1FB39FD0003D45E6 /* cross.png in Resources */ = {isa = PBXBuildFile; fileRef = AF280C6A1FB39FD0003D45E6 /* cross.png */; };
/* End PBXBuildFile section */

/* Begin PBXFileReference section */
		AF280C531FB39FB4003D45E6 /* Tic Tac Toe.app */ = {isa = PBXFileReference; explicitFileType = wrapper.application; includeInIndex = 0; path = "Tic Tac Toe.app"; sourceTree = BUILT_PRODUCTS_DIR; };
		AF280C561FB39FB4003D45E6 /* AppDelegate.swift */ = {isa = PBXFileReference; lastKnownFileType = sourcecode.swift; path = AppDelegate.swift; sourceTree = "<group>"; };
		AF280C581FB39FB4003D45E6 /* ViewController.swift */ = {isa = PBXFileReference; lastKnownFileType = sourcecode.swift; path = ViewController.swift; sourceTree = "<group>"; };
		AF280C5B1FB39FB4003D45E6 /* Base */ = {isa = PBXFileReference; lastKnownFileType = file.storyboard; name = Base; path = Base.lproj/Main.storyboard; sourceTree = "<group>"; };
		AF280C5D1FB39FB4003D45E6 /* Assets.xcassets */ = {isa = PBXFileReference; lastKnownFileType = folder.assetcatalog; path = Assets.xcassets; sourceTree = "<group>"; };
		AF280C601FB39FB4003D45E6 /* Base */ = {isa = PBXFileReference; lastKnownFileType = file.storyboard; name = Base; path = Base.lproj/LaunchScreen.storyboard; sourceTree = "<group>"; };
		AF280C621FB39FB4003D45E6 /* Info.plist */ = {isa = PBXFileReference; lastKnownFileType = text.plist.xml; path = Info.plist; sourceTree = "<group>"; };
		AF280C681FB39FD0003D45E6 /* board.png */ = {isa = PBXFileReference; lastKnownFileType = image.png; path = board.png; sourceTree = "<group>"; };
		AF280C691FB39FD0003D45E6 /* nought.png */ = {isa = PBXFileReference; lastKnownFileType = image.png; path = nought.png; sourceTree = "<group>"; };
		AF280C6A1FB39FD0003D45E6 /* cross.png */ = {isa = PBXFileReference; lastKnownFileType = image.png; path = cross.png; sourceTree = "<group>"; };
/* End PBXFileReference section */

/* Begin PBXFrameworksBuildPhase section */
		AF280C501FB39FB4003D45E6 /* Frameworks */ = {
			isa = PBXFrameworksBuildPhase;
			buildActionMask = 2147483647;
			files = (
			);
			runOnlyForDeploymentPostprocessing = 0;
		};
/* End PBXFrameworksBuildPhase section */

/* Begin PBXGroup section */
		AF280C4A1FB39FB4003D45E6 = {
			isa = PBXGroup;
			children = (
				AF280C551FB39FB4003D45E6 /* Tic Tac Toe */,
				AF280C541FB39FB4003D45E6 /* Products */,
			);
			sourceTree = "<group>";
		};
		AF280C541FB39FB4003D45E6 /* Products */ = {
			isa = PBXGroup;
			children = (
				AF280C531FB39FB4003D45E6 /* Tic Tac Toe.app */,
			);
			name = Products;
			sourceTree = "<group>";
		};
		AF280C551FB39FB4003D45E6 /* Tic Tac Toe */ = {
			isa = PBXGroup;
			children = (
				AF280C561FB39FB4003D45E6 /* AppDelegate.swift */,
				AF280C581FB39FB4003D45E6 /* ViewController.swift */,
				AF280C5A1FB39FB4003D45E6 /* Main.storyboard */,
				AF280C5D1FB39FB4003D45E6 /* Assets.xcassets */,
				AF280C5F1FB39FB4003D45E6 /* LaunchScreen.storyboard */,
				AF280C621FB39FB4003D45E6 /* Info.plist */,
				AF280C681FB39FD0003D45E6 /* board.png */,
				AF280C6A1FB39FD0003D45E6 /* cross.png */,
				AF280C691FB39FD0003D45E6 /* nought.png */,
			);
			path = "Tic Tac Toe";
			sourceTree = "<group>";
		};
/* End PBXGroup section */

/* Begin PBXNativeTarget section */
		AF280C521FB39FB4003D45E6 /* Tic Tac Toe */ = {
			isa = PBXNativeTarget;
			buildConfigurationList = AF280C651FB39FB4003D45E6 /* Build configuration list for PBXNativeTarget "Tic Tac Toe" */;
			buildPhases = (
				AF280C4F1FB39FB4003D45E6 /* Sources */,
				AF280C501FB39FB4003D45E6 /* Frameworks */,
				AF280C511FB39FB4003D45E6 /* Resources */,
			);
			buildRules = (
			);
			dependencies = (
			);
			name = "Tic Tac Toe";
			productName = "Tic Tac Toe";
			productReference = AF280C531FB39FB4003D45E6 /* Tic Tac Toe.app */;
			productType = "com.apple.product-type.application";
		};
/* End PBXNativeTarget section */

/* Begin PBXProject section */
		AF280C4B1FB39FB4003D45E6 /* Project object */ = {
			isa = PBXProject;
			attributes = {
				LastSwiftUpdateCheck = 0910;
				LastUpgradeCheck = 0910;
				ORGANIZATIONNAME = iGarcia;
				TargetAttributes = {
					AF280C521FB39FB4003D45E6 = {
						CreatedOnToolsVersion = 9.1;
						ProvisioningStyle = Automatic;
					};
				};
			};
			buildConfigurationList = AF280C4E1FB39FB4003D45E6 /* Build configuration list for PBXProject "Tic Tac Toe" */;
			compatibilityVersion = "Xcode 8.0";
			developmentRegion = en;
			hasScannedForEncodings = 0;
			knownRegions = (
				en,
				Base,
			);
			mainGroup = AF280C4A1FB39FB4003D45E6;
			productRefGroup = AF280C541FB39FB4003D45E6 /* Products */;
			projectDirPath = "";
			projectRoot = "";
			targets = (
				AF280C521FB39FB4003D45E6 /* Tic Tac Toe */,
			);
		};
/* End PBXProject section */

/* Begin PBXResourcesBuildPhase section */
		AF280C511FB39FB4003D45E6 /* Resources */ = {
			isa = PBXResourcesBuildPhase;
			buildActionMask = 2147483647;
			files = (
				AF280C6D1FB39FD0003D45E6 /* cross.png in Resources */,
				AF280C6B1FB39FD0003D45E6 /* board.png in Resources */,
				AF280C6C1FB39FD0003D45E6 /* nought.png in Resources */,
				AF280C611FB39FB4003D45E6 /* LaunchScreen.storyboard in Resources */,
				AF280C5E1FB39FB4003D45E6 /* Assets.xcassets in Resources */,
				AF280C5C1FB39FB4003D45E6 /* Main.storyboard in Resources */,
			);
			runOnlyForDeploymentPostprocessing = 0;
		};
/* End PBXResourcesBuildPhase section */

/* Begin PBXSourcesBuildPhase section */
		AF280C4F1FB39FB4003D45E6 /* Sources */ = {
			isa = PBXSourcesBuildPhase;
			buildActionMask = 2147483647;
			files = (
				AF280C591FB39FB4003D45E6 /* ViewController.swift in Sources */,
				AF280C571FB39FB4003D45E6 /* AppDelegate.swift in Sources */,
			);
			runOnlyForDeploymentPostprocessing = 0;
		};
/* End PBXSourcesBuildPhase section */

/* Begin PBXVariantGroup section */
		AF280C5A1FB39FB4003D45E6 /* Main.storyboard */ = {
			isa = PBXVariantGroup;
			children = (
				AF280C5B1FB39FB4003D45E6 /* Base */,
			);
			name = Main.storyboard;
			sourceTree = "<group>";
		};
		AF280C5F1FB39FB4003D45E6 /* LaunchScreen.storyboard */ = {
			isa = PBXVariantGroup;
			children = (
				AF280C601FB39FB4003D45E6 /* Base */,
			);
			name = LaunchScreen.storyboard;
			sourceTree = "<group>";
		};
/* End PBXVariantGroup section */

/* Begin XCBuildConfiguration section */
		AF280C631FB39FB4003D45E6 /* Debug */ = {
			isa = XCBuildConfiguration;
			buildSettings = {
				ALWAYS_SEARCH_USER_PATHS = NO;
				CLANG_ANALYZER_NONNULL = YES;
				CLANG_ANALYZER_NUMBER_OBJECT_CONVERSION = YES_AGGRESSIVE;
				CLANG_CXX_LANGUAGE_STANDARD = "gnu++14";
				CLANG_CXX_LIBRARY = "libc++";
				CLANG_ENABLE_MODULES = YES;
				CLANG_ENABLE_OBJC_ARC = YES;
				CLANG_WARN_BLOCK_CAPTURE_AUTORELEASING = YES;
				CLANG_WARN_BOOL_CONVERSION = YES;
				CLANG_WARN_COMMA = YES;
				CLANG_WARN_CONSTANT_CONVERSION = YES;
				CLANG_WARN_DIRECT_OBJC_ISA_USAGE = YES_ERROR;
				CLANG_WARN_DOCUMENTATION_COMMENTS = YES;
				CLANG_WARN_EMPTY_BODY = YES;
				CLANG_WARN_ENUM_CONVERSION = YES;
				CLANG_WARN_INFINITE_RECURSION = YES;
				CLANG_WARN_INT_CONVERSION = YES;
				CLANG_WARN_NON_LITERAL_NULL_CONVERSION = YES;
				CLANG_WARN_OBJC_LITERAL_CONVERSION = YES;
				CLANG_WARN_OBJC_ROOT_CLASS = YES_ERROR;
				CLANG_WARN_RANGE_LOOP_ANALYSIS = YES;
				CLANG_WARN_STRICT_PROTOTYPES = YES;
				CLANG_WARN_SUSPICIOUS_MOVE = YES;
				CLANG_WARN_UNGUARDED_AVAILABILITY = YES_AGGRESSIVE;
				CLANG_WARN_UNREACHABLE_CODE = YES;
				CLANG_WARN__DUPLICATE_METHOD_MATCH = YES;
				CODE_SIGN_IDENTITY = "iPhone Developer";
				COPY_PHASE_STRIP = NO;
				DEBUG_INFORMATION_FORMAT = dwarf;
				ENABLE_STRICT_OBJC_MSGSEND = YES;
				ENABLE_TESTABILITY = YES;
				GCC_C_LANGUAGE_STANDARD = gnu11;
				GCC_DYNAMIC_NO_PIC = NO;
				GCC_NO_COMMON_BLOCKS = YES;
				GCC_OPTIMIZATION_LEVEL = 0;
				GCC_PREPROCESSOR_DEFINITIONS = (
					"DEBUG=1",
					"$(inherited)",
				);
				GCC_WARN_64_TO_32_BIT_CONVERSION = YES;
				GCC_WARN_ABOUT_RETURN_TYPE = YES_ERROR;
				GCC_WARN_UNDECLARED_SELECTOR = YES;
				GCC_WARN_UNINITIALIZED_AUTOS = YES_AGGRESSIVE;
				GCC_WARN_UNUSED_FUNCTION = YES;
				GCC_WARN_UNUSED_VARIABLE = YES;
				IPHONEOS_DEPLOYMENT_TARGET = 11.1;
				MTL_ENABLE_DEBUG_INFO = YES;
				ONLY_ACTIVE_ARCH = YES;
				SDKROOT = iphoneos;
				SWIFT_ACTIVE_COMPILATION_CONDITIONS = DEBUG;
				SWIFT_OPTIMIZATION_LEVEL = "-Onone";
			};
			name = Debug;
		};
		AF280C641FB39FB4003D45E6 /* Release */ = {
			isa = XCBuildConfiguration;
			buildSettings = {
				ALWAYS_SEARCH_USER_PATHS = NO;
				CLANG_ANALYZER_NONNULL = YES;
				CLANG_ANALYZER_NUMBER_OBJECT_CONVERSION = YES_AGGRESSIVE;
				CLANG_CXX_LANGUAGE_STANDARD = "gnu++14";
				CLANG_CXX_LIBRARY = "libc++";
				CLANG_ENABLE_MODULES = YES;
				CLANG_ENABLE_OBJC_ARC = YES;
				CLANG_WARN_BLOCK_CAPTURE_AUTORELEASING = YES;
				CLANG_WARN_BOOL_CONVERSION = YES;
				CLANG_WARN_COMMA = YES;
				CLANG_WARN_CONSTANT_CONVERSION = YES;
				CLANG_WARN_DIRECT_OBJC_ISA_USAGE = YES_ERROR;
				CLANG_WARN_DOCUMENTATION_COMMENTS = YES;
				CLANG_WARN_EMPTY_BODY = YES;
				CLANG_WARN_ENUM_CONVERSION = YES;
				CLANG_WARN_INFINITE_RECURSION = YES;
				CLANG_WARN_INT_CONVERSION = YES;
				CLANG_WARN_NON_LITERAL_NULL_CONVERSION = YES;
				CLANG_WARN_OBJC_LITERAL_CONVERSION = YES;
				CLANG_WARN_OBJC_ROOT_CLASS = YES_ERROR;
				CLANG_WARN_RANGE_LOOP_ANALYSIS = YES;
				CLANG_WARN_STRICT_PROTOTYPES = YES;
				CLANG_WARN_SUSPICIOUS_MOVE = YES;
				CLANG_WARN_UNGUARDED_AVAILABILITY = YES_AGGRESSIVE;
				CLANG_WARN_UNREACHABLE_CODE = YES;
				CLANG_WARN__DUPLICATE_METHOD_MATCH = YES;
				CODE_SIGN_IDENTITY = "iPhone Developer";
				COPY_PHASE_STRIP = NO;
				DEBUG_INFORMATION_FORMAT = "dwarf-with-dsym";
				ENABLE_NS_ASSERTIONS = NO;
				ENABLE_STRICT_OBJC_MSGSEND = YES;
				GCC_C_LANGUAGE_STANDARD = gnu11;
				GCC_NO_COMMON_BLOCKS = YES;
				GCC_WARN_64_TO_32_BIT_CONVERSION = YES;
				GCC_WARN_ABOUT_RETURN_TYPE = YES_ERROR;
				GCC_WARN_UNDECLARED_SELECTOR = YES;
				GCC_WARN_UNINITIALIZED_AUTOS = YES_AGGRESSIVE;
				GCC_WARN_UNUSED_FUNCTION = YES;
				GCC_WARN_UNUSED_VARIABLE = YES;
				IPHONEOS_DEPLOYMENT_TARGET = 11.1;
				MTL_ENABLE_DEBUG_INFO = NO;
				SDKROOT = iphoneos;
				SWIFT_OPTIMIZATION_LEVEL = "-Owholemodule";
				VALIDATE_PRODUCT = YES;
			};
			name = Release;
		};
		AF280C661FB39FB4003D45E6 /* Debug */ = {
			isa = XCBuildConfiguration;
			buildSettings = {
				ASSETCATALOG_COMPILER_APPICON_NAME = AppIcon;
				CODE_SIGN_STYLE = Automatic;
				INFOPLIST_FILE = "Tic Tac Toe/Info.plist";
				LD_RUNPATH_SEARCH_PATHS = "$(inherited) @executable_path/Frameworks";
				PRODUCT_BUNDLE_IDENTIFIER = "com.iGarcia.Tic-Tac-Toe";
				PRODUCT_NAME = "$(TARGET_NAME)";
				SWIFT_VERSION = 4.0;
				TARGETED_DEVICE_FAMILY = "1,2";
			};
			name = Debug;
		};
		AF280C671FB39FB4003D45E6 /* Release */ = {
			isa = XCBuildConfiguration;
			buildSettings = {
				ASSETCATALOG_COMPILER_APPICON_NAME = AppIcon;
				CODE_SIGN_STYLE = Automatic;
				INFOPLIST_FILE = "Tic Tac Toe/Info.plist";
				LD_RUNPATH_SEARCH_PATHS = "$(inherited) @executable_path/Frameworks";
				PRODUCT_BUNDLE_IDENTIFIER = "com.iGarcia.Tic-Tac-Toe";
				PRODUCT_NAME = "$(TARGET_NAME)";
				SWIFT_VERSION = 4.0;
				TARGETED_DEVICE_FAMILY = "1,2";
			};
			name = Release;
		};
/* End XCBuildConfiguration section */

/* Begin XCConfigurationList section */
		AF280C4E1FB39FB4003D45E6 /* Build configuration list for PBXProject "Tic Tac Toe" */ = {
			isa = XCConfigurationList;
			buildConfigurations = (
				AF280C631FB39FB4003D45E6 /* Debug */,
				AF280C641FB39FB4003D45E6 /* Release */,
			);
			defaultConfigurationIsVisible = 0;
			defaultConfigurationName = Release;
		};
		AF280C651FB39FB4003D45E6 /* Build configuration list for PBXNativeTarget "Tic Tac Toe" */ = {
			isa = XCConfigurationList;
			buildConfigurations = (
				AF280C661FB39FB4003D45E6 /* Debug */,
				AF280C671FB39FB4003D45E6 /* Release */,
			);
			defaultConfigurationIsVisible = 0;
			defaultConfigurationName = Release;
		};
/* End XCConfigurationList section */
	};
	rootObject = AF280C4B1FB39FB4003D45E6 /* Project object */;
}
