// !$*UTF8*$!
{
	archiveVersion = 1;
	classes = {
	};
	objectVersion = 48;
	objects = {

/* Begin PBXBuildFile section */
		AF2F81AC202270DC005B1380 /* AppDelegate.swift in Sources */ = {isa = PBXBuildFile; fileRef = AF2F81AB202270DC005B1380 /* AppDelegate.swift */; };
		AF2F81B1202270DC005B1380 /* Main.storyboard in Resources */ = {isa = PBXBuildFile; fileRef = AF2F81AF202270DC005B1380 /* Main.storyboard */; };
		AF2F81B3202270DC005B1380 /* Assets.xcassets in Resources */ = {isa = PBXBuildFile; fileRef = AF2F81B2202270DC005B1380 /* Assets.xcassets */; };
		AF2F81B6202270DC005B1380 /* LaunchScreen.storyboard in Resources */ = {isa = PBXBuildFile; fileRef = AF2F81B4202270DC005B1380 /* LaunchScreen.storyboard */; };
		AF2F81C02022718D005B1380 /* NetworkProcessor.swift in Sources */ = {isa = PBXBuildFile; fileRef = AF2F81BF2022718D005B1380 /* NetworkProcessor.swift */; };
		AF2F81C320227FFD005B1380 /* ForecastService.swift in Sources */ = {isa = PBXBuildFile; fileRef = AF2F81C220227FFD005B1380 /* ForecastService.swift */; };
		AF2F81C5202282E1005B1380 /* CurrentWeather.swift in Sources */ = {isa = PBXBuildFile; fileRef = AF2F81C4202282E1005B1380 /* CurrentWeather.swift */; };
		AF2F81C720228CA0005B1380 /* CurrentWeatherViewController.swift in Sources */ = {isa = PBXBuildFile; fileRef = AF2F81C620228CA0005B1380 /* CurrentWeatherViewController.swift */; };
/* End PBXBuildFile section */

/* Begin PBXFileReference section */
		AF2F81A8202270DC005B1380 /* Weathery.app */ = {isa = PBXFileReference; explicitFileType = wrapper.application; includeInIndex = 0; path = Weathery.app; sourceTree = BUILT_PRODUCTS_DIR; };
		AF2F81AB202270DC005B1380 /* AppDelegate.swift */ = {isa = PBXFileReference; lastKnownFileType = sourcecode.swift; path = AppDelegate.swift; sourceTree = "<group>"; };
		AF2F81B0202270DC005B1380 /* Base */ = {isa = PBXFileReference; lastKnownFileType = file.storyboard; name = Base; path = Base.lproj/Main.storyboard; sourceTree = "<group>"; };
		AF2F81B2202270DC005B1380 /* Assets.xcassets */ = {isa = PBXFileReference; lastKnownFileType = folder.assetcatalog; path = Assets.xcassets; sourceTree = "<group>"; };
		AF2F81B5202270DC005B1380 /* Base */ = {isa = PBXFileReference; lastKnownFileType = file.storyboard; name = Base; path = Base.lproj/LaunchScreen.storyboard; sourceTree = "<group>"; };
		AF2F81B7202270DC005B1380 /* Info.plist */ = {isa = PBXFileReference; lastKnownFileType = text.plist.xml; path = Info.plist; sourceTree = "<group>"; };
		AF2F81BF2022718D005B1380 /* NetworkProcessor.swift */ = {isa = PBXFileReference; lastKnownFileType = sourcecode.swift; path = NetworkProcessor.swift; sourceTree = "<group>"; };
		AF2F81C220227FFD005B1380 /* ForecastService.swift */ = {isa = PBXFileReference; lastKnownFileType = sourcecode.swift; path = ForecastService.swift; sourceTree = "<group>"; };
		AF2F81C4202282E1005B1380 /* CurrentWeather.swift */ = {isa = PBXFileReference; lastKnownFileType = sourcecode.swift; path = CurrentWeather.swift; sourceTree = "<group>"; };
		AF2F81C620228CA0005B1380 /* CurrentWeatherViewController.swift */ = {isa = PBXFileReference; lastKnownFileType = sourcecode.swift; path = CurrentWeatherViewController.swift; sourceTree = "<group>"; };
/* End PBXFileReference section */

/* Begin PBXFrameworksBuildPhase section */
		AF2F81A5202270DC005B1380 /* Frameworks */ = {
			isa = PBXFrameworksBuildPhase;
			buildActionMask = 2147483647;
			files = (
			);
			runOnlyForDeploymentPostprocessing = 0;
		};
/* End PBXFrameworksBuildPhase section */

/* Begin PBXGroup section */
		AF2F819F202270DC005B1380 = {
			isa = PBXGroup;
			children = (
				AF2F81AA202270DC005B1380 /* Weathery */,
				AF2F81A9202270DC005B1380 /* Products */,
			);
			sourceTree = "<group>";
		};
		AF2F81A9202270DC005B1380 /* Products */ = {
			isa = PBXGroup;
			children = (
				AF2F81A8202270DC005B1380 /* Weathery.app */,
			);
			name = Products;
			sourceTree = "<group>";
		};
		AF2F81AA202270DC005B1380 /* Weathery */ = {
			isa = PBXGroup;
			children = (
				AF2F81AB202270DC005B1380 /* AppDelegate.swift */,
				AF2F81C12022719E005B1380 /* Model */,
				AF2F81AF202270DC005B1380 /* Main.storyboard */,
				AF2F81B2202270DC005B1380 /* Assets.xcassets */,
				AF2F81B4202270DC005B1380 /* LaunchScreen.storyboard */,
				AF2F81B7202270DC005B1380 /* Info.plist */,
				AF2F81C620228CA0005B1380 /* CurrentWeatherViewController.swift */,
			);
			path = Weathery;
			sourceTree = "<group>";
		};
		AF2F81C12022719E005B1380 /* Model */ = {
			isa = PBXGroup;
			children = (
				AF2F81BF2022718D005B1380 /* NetworkProcessor.swift */,
				AF2F81C220227FFD005B1380 /* ForecastService.swift */,
				AF2F81C4202282E1005B1380 /* CurrentWeather.swift */,
			);
			path = Model;
			sourceTree = "<group>";
		};
/* End PBXGroup section */

/* Begin PBXNativeTarget section */
		AF2F81A7202270DC005B1380 /* Weathery */ = {
			isa = PBXNativeTarget;
			buildConfigurationList = AF2F81BA202270DC005B1380 /* Build configuration list for PBXNativeTarget "Weathery" */;
			buildPhases = (
				AF2F81A4202270DC005B1380 /* Sources */,
				AF2F81A5202270DC005B1380 /* Frameworks */,
				AF2F81A6202270DC005B1380 /* Resources */,
			);
			buildRules = (
			);
			dependencies = (
			);
			name = Weathery;
			productName = Weathery;
			productReference = AF2F81A8202270DC005B1380 /* Weathery.app */;
			productType = "com.apple.product-type.application";
		};
/* End PBXNativeTarget section */

/* Begin PBXProject section */
		AF2F81A0202270DC005B1380 /* Project object */ = {
			isa = PBXProject;
			attributes = {
				LastSwiftUpdateCheck = 0920;
				LastUpgradeCheck = 0920;
				ORGANIZATIONNAME = iGarcia;
				TargetAttributes = {
					AF2F81A7202270DC005B1380 = {
						CreatedOnToolsVersion = 9.2;
						ProvisioningStyle = Automatic;
					};
				};
			};
			buildConfigurationList = AF2F81A3202270DC005B1380 /* Build configuration list for PBXProject "Weathery" */;
			compatibilityVersion = "Xcode 8.0";
			developmentRegion = en;
			hasScannedForEncodings = 0;
			knownRegions = (
				en,
				Base,
			);
			mainGroup = AF2F819F202270DC005B1380;
			productRefGroup = AF2F81A9202270DC005B1380 /* Products */;
			projectDirPath = "";
			projectRoot = "";
			targets = (
				AF2F81A7202270DC005B1380 /* Weathery */,
			);
		};
/* End PBXProject section */

/* Begin PBXResourcesBuildPhase section */
		AF2F81A6202270DC005B1380 /* Resources */ = {
			isa = PBXResourcesBuildPhase;
			buildActionMask = 2147483647;
			files = (
				AF2F81B6202270DC005B1380 /* LaunchScreen.storyboard in Resources */,
				AF2F81B3202270DC005B1380 /* Assets.xcassets in Resources */,
				AF2F81B1202270DC005B1380 /* Main.storyboard in Resources */,
			);
			runOnlyForDeploymentPostprocessing = 0;
		};
/* End PBXResourcesBuildPhase section */

/* Begin PBXSourcesBuildPhase section */
		AF2F81A4202270DC005B1380 /* Sources */ = {
			isa = PBXSourcesBuildPhase;
			buildActionMask = 2147483647;
			files = (
				AF2F81C320227FFD005B1380 /* ForecastService.swift in Sources */,
				AF2F81C720228CA0005B1380 /* CurrentWeatherViewController.swift in Sources */,
				AF2F81C5202282E1005B1380 /* CurrentWeather.swift in Sources */,
				AF2F81C02022718D005B1380 /* NetworkProcessor.swift in Sources */,
				AF2F81AC202270DC005B1380 /* AppDelegate.swift in Sources */,
			);
			runOnlyForDeploymentPostprocessing = 0;
		};
/* End PBXSourcesBuildPhase section */

/* Begin PBXVariantGroup section */
		AF2F81AF202270DC005B1380 /* Main.storyboard */ = {
			isa = PBXVariantGroup;
			children = (
				AF2F81B0202270DC005B1380 /* Base */,
			);
			name = Main.storyboard;
			sourceTree = "<group>";
		};
		AF2F81B4202270DC005B1380 /* LaunchScreen.storyboard */ = {
			isa = PBXVariantGroup;
			children = (
				AF2F81B5202270DC005B1380 /* Base */,
			);
			name = LaunchScreen.storyboard;
			sourceTree = "<group>";
		};
/* End PBXVariantGroup section */

/* Begin XCBuildConfiguration section */
		AF2F81B8202270DC005B1380 /* Debug */ = {
			isa = XCBuildConfiguration;
			buildSettings = {
				ALWAYS_SEARCH_USER_PATHS = NO;
				CLANG_ANALYZER_NONNULL = YES;
				CLANG_ANALYZER_NUMBER_OBJECT_CONVERSION = YES_AGGRESSIVE;
				CLANG_CXX_LANGUAGE_STANDARD = "gnu++14";
				CLANG_CXX_LIBRARY = "libc++";
				CLANG_ENABLE_MODULES = YES;
				CLANG_ENABLE_OBJC_ARC = YES;
				CLANG_WARN_BLOCK_CAPTURE_AUTORELEASING = YES;
				CLANG_WARN_BOOL_CONVERSION = YES;
				CLANG_WARN_COMMA = YES;
				CLANG_WARN_CONSTANT_CONVERSION = YES;
				CLANG_WARN_DIRECT_OBJC_ISA_USAGE = YES_ERROR;
				CLANG_WARN_DOCUMENTATION_COMMENTS = YES;
				CLANG_WARN_EMPTY_BODY = YES;
				CLANG_WARN_ENUM_CONVERSION = YES;
				CLANG_WARN_INFINITE_RECURSION = YES;
				CLANG_WARN_INT_CONVERSION = YES;
				CLANG_WARN_NON_LITERAL_NULL_CONVERSION = YES;
				CLANG_WARN_OBJC_LITERAL_CONVERSION = YES;
				CLANG_WARN_OBJC_ROOT_CLASS = YES_ERROR;
				CLANG_WARN_RANGE_LOOP_ANALYSIS = YES;
				CLANG_WARN_STRICT_PROTOTYPES = YES;
				CLANG_WARN_SUSPICIOUS_MOVE = YES;
				CLANG_WARN_UNGUARDED_AVAILABILITY = YES_AGGRESSIVE;
				CLANG_WARN_UNREACHABLE_CODE = YES;
				CLANG_WARN__DUPLICATE_METHOD_MATCH = YES;
				CODE_SIGN_IDENTITY = "iPhone Developer";
				COPY_PHASE_STRIP = NO;
				DEBUG_INFORMATION_FORMAT = dwarf;
				ENABLE_STRICT_OBJC_MSGSEND = YES;
				ENABLE_TESTABILITY = YES;
				GCC_C_LANGUAGE_STANDARD = gnu11;
				GCC_DYNAMIC_NO_PIC = NO;
				GCC_NO_COMMON_BLOCKS = YES;
				GCC_OPTIMIZATION_LEVEL = 0;
				GCC_PREPROCESSOR_DEFINITIONS = (
					"DEBUG=1",
					"$(inherited)",
				);
				GCC_WARN_64_TO_32_BIT_CONVERSION = YES;
				GCC_WARN_ABOUT_RETURN_TYPE = YES_ERROR;
				GCC_WARN_UNDECLARED_SELECTOR = YES;
				GCC_WARN_UNINITIALIZED_AUTOS = YES_AGGRESSIVE;
				GCC_WARN_UNUSED_FUNCTION = YES;
				GCC_WARN_UNUSED_VARIABLE = YES;
				IPHONEOS_DEPLOYMENT_TARGET = 11.2;
				MTL_ENABLE_DEBUG_INFO = YES;
				ONLY_ACTIVE_ARCH = YES;
				SDKROOT = iphoneos;
				SWIFT_ACTIVE_COMPILATION_CONDITIONS = DEBUG;
				SWIFT_OPTIMIZATION_LEVEL = "-Onone";
			};
			name = Debug;
		};
		AF2F81B9202270DC005B1380 /* Release */ = {
			isa = XCBuildConfiguration;
			buildSettings = {
				ALWAYS_SEARCH_USER_PATHS = NO;
				CLANG_ANALYZER_NONNULL = YES;
				CLANG_ANALYZER_NUMBER_OBJECT_CONVERSION = YES_AGGRESSIVE;
				CLANG_CXX_LANGUAGE_STANDARD = "gnu++14";
				CLANG_CXX_LIBRARY = "libc++";
				CLANG_ENABLE_MODULES = YES;
				CLANG_ENABLE_OBJC_ARC = YES;
				CLANG_WARN_BLOCK_CAPTURE_AUTORELEASING = YES;
				CLANG_WARN_BOOL_CONVERSION = YES;
				CLANG_WARN_COMMA = YES;
				CLANG_WARN_CONSTANT_CONVERSION = YES;
				CLANG_WARN_DIRECT_OBJC_ISA_USAGE = YES_ERROR;
				CLANG_WARN_DOCUMENTATION_COMMENTS = YES;
				CLANG_WARN_EMPTY_BODY = YES;
				CLANG_WARN_ENUM_CONVERSION = YES;
				CLANG_WARN_INFINITE_RECURSION = YES;
				CLANG_WARN_INT_CONVERSION = YES;
				CLANG_WARN_NON_LITERAL_NULL_CONVERSION = YES;
				CLANG_WARN_OBJC_LITERAL_CONVERSION = YES;
				CLANG_WARN_OBJC_ROOT_CLASS = YES_ERROR;
				CLANG_WARN_RANGE_LOOP_ANALYSIS = YES;
				CLANG_WARN_STRICT_PROTOTYPES = YES;
				CLANG_WARN_SUSPICIOUS_MOVE = YES;
				CLANG_WARN_UNGUARDED_AVAILABILITY = YES_AGGRESSIVE;
				CLANG_WARN_UNREACHABLE_CODE = YES;
				CLANG_WARN__DUPLICATE_METHOD_MATCH = YES;
				CODE_SIGN_IDENTITY = "iPhone Developer";
				COPY_PHASE_STRIP = NO;
				DEBUG_INFORMATION_FORMAT = "dwarf-with-dsym";
				ENABLE_NS_ASSERTIONS = NO;
				ENABLE_STRICT_OBJC_MSGSEND = YES;
				GCC_C_LANGUAGE_STANDARD = gnu11;
				GCC_NO_COMMON_BLOCKS = YES;
				GCC_WARN_64_TO_32_BIT_CONVERSION = YES;
				GCC_WARN_ABOUT_RETURN_TYPE = YES_ERROR;
				GCC_WARN_UNDECLARED_SELECTOR = YES;
				GCC_WARN_UNINITIALIZED_AUTOS = YES_AGGRESSIVE;
				GCC_WARN_UNUSED_FUNCTION = YES;
				GCC_WARN_UNUSED_VARIABLE = YES;
				IPHONEOS_DEPLOYMENT_TARGET = 11.2;
				MTL_ENABLE_DEBUG_INFO = NO;
				SDKROOT = iphoneos;
				SWIFT_OPTIMIZATION_LEVEL = "-Owholemodule";
				VALIDATE_PRODUCT = YES;
			};
			name = Release;
		};
		AF2F81BB202270DC005B1380 /* Debug */ = {
			isa = XCBuildConfiguration;
			buildSettings = {
				ASSETCATALOG_COMPILER_APPICON_NAME = AppIcon;
				"CODE_SIGN_IDENTITY[sdk=iphoneos*]" = "iPhone Developer";
				CODE_SIGN_STYLE = Automatic;
				DEVELOPMENT_TEAM = XWJGD28CZ6;
				INFOPLIST_FILE = Weathery/Info.plist;
				LD_RUNPATH_SEARCH_PATHS = "$(inherited) @executable_path/Frameworks";
				PRODUCT_BUNDLE_IDENTIFIER = com.iGarcia.Weathery;
				PRODUCT_NAME = "$(TARGET_NAME)";
				PROVISIONING_PROFILE_SPECIFIER = "";
				SWIFT_VERSION = 4.0;
				TARGETED_DEVICE_FAMILY = "1,2";
			};
			name = Debug;
		};
		AF2F81BC202270DC005B1380 /* Release */ = {
			isa = XCBuildConfiguration;
			buildSettings = {
				ASSETCATALOG_COMPILER_APPICON_NAME = AppIcon;
				"CODE_SIGN_IDENTITY[sdk=iphoneos*]" = "iPhone Developer";
				CODE_SIGN_STYLE = Automatic;
				DEVELOPMENT_TEAM = XWJGD28CZ6;
				INFOPLIST_FILE = Weathery/Info.plist;
				LD_RUNPATH_SEARCH_PATHS = "$(inherited) @executable_path/Frameworks";
				PRODUCT_BUNDLE_IDENTIFIER = com.iGarcia.Weathery;
				PRODUCT_NAME = "$(TARGET_NAME)";
				PROVISIONING_PROFILE_SPECIFIER = "";
				SWIFT_VERSION = 4.0;
				TARGETED_DEVICE_FAMILY = "1,2";
			};
			name = Release;
		};
/* End XCBuildConfiguration section */

/* Begin XCConfigurationList section */
		AF2F81A3202270DC005B1380 /* Build configuration list for PBXProject "Weathery" */ = {
			isa = XCConfigurationList;
			buildConfigurations = (
				AF2F81B8202270DC005B1380 /* Debug */,
				AF2F81B9202270DC005B1380 /* Release */,
			);
			defaultConfigurationIsVisible = 0;
			defaultConfigurationName = Release;
		};
		AF2F81BA202270DC005B1380 /* Build configuration list for PBXNativeTarget "Weathery" */ = {
			isa = XCConfigurationList;
			buildConfigurations = (
				AF2F81BB202270DC005B1380 /* Debug */,
				AF2F81BC202270DC005B1380 /* Release */,
			);
			defaultConfigurationIsVisible = 0;
			defaultConfigurationName = Release;
		};
/* End XCConfigurationList section */
	};
	rootObject = AF2F81A0202270DC005B1380 /* Project object */;
}
