// !$*UTF8*$!
{
	archiveVersion = 1;
	classes = {
	};
	objectVersion = 48;
	objects = {

/* Begin PBXBuildFile section */
		AF32C0572017B165009CB080 /* AppDelegate.swift in Sources */ = {isa = PBXBuildFile; fileRef = AF32C0562017B165009CB080 /* AppDelegate.swift */; };
		AF32C0592017B165009CB080 /* ViewController.swift in Sources */ = {isa = PBXBuildFile; fileRef = AF32C0582017B165009CB080 /* ViewController.swift */; };
		AF32C05C2017B165009CB080 /* Main.storyboard in Resources */ = {isa = PBXBuildFile; fileRef = AF32C05A2017B165009CB080 /* Main.storyboard */; };
		AF32C05E2017B165009CB080 /* Assets.xcassets in Resources */ = {isa = PBXBuildFile; fileRef = AF32C05D2017B165009CB080 /* Assets.xcassets */; };
		AF32C0612017B165009CB080 /* LaunchScreen.storyboard in Resources */ = {isa = PBXBuildFile; fileRef = AF32C05F2017B165009CB080 /* LaunchScreen.storyboard */; };
		AF32C0822017B89C009CB080 /* shots.mp3 in Resources */ = {isa = PBXBuildFile; fileRef = AF32C0792017B89B009CB080 /* shots.mp3 */; };
		AF32C0832017B89C009CB080 /* bell.mp3 in Resources */ = {isa = PBXBuildFile; fileRef = AF32C07A2017B89B009CB080 /* bell.mp3 */; };
		AF32C0842017B89C009CB080 /* rubber.mp3 in Resources */ = {isa = PBXBuildFile; fileRef = AF32C07B2017B89B009CB080 /* rubber.mp3 */; };
		AF32C0852017B89C009CB080 /* television.mp3 in Resources */ = {isa = PBXBuildFile; fileRef = AF32C07C2017B89B009CB080 /* television.mp3 */; };
		AF32C0862017B89C009CB080 /* magical.mp3 in Resources */ = {isa = PBXBuildFile; fileRef = AF32C07D2017B89B009CB080 /* magical.mp3 */; };
		AF32C0872017B89C009CB080 /* mail.mp3 in Resources */ = {isa = PBXBuildFile; fileRef = AF32C07E2017B89C009CB080 /* mail.mp3 */; };
		AF32C0882017B89C009CB080 /* throat.mp3 in Resources */ = {isa = PBXBuildFile; fileRef = AF32C07F2017B89C009CB080 /* throat.mp3 */; };
		AF32C0892017B89C009CB080 /* fire.mp3 in Resources */ = {isa = PBXBuildFile; fileRef = AF32C0802017B89C009CB080 /* fire.mp3 */; };
		AF32C08A2017B89C009CB080 /* horn.mp3 in Resources */ = {isa = PBXBuildFile; fileRef = AF32C0812017B89C009CB080 /* horn.mp3 */; };
/* End PBXBuildFile section */

/* Begin PBXFileReference section */
		AF32C0532017B165009CB080 /* Sound Shaker.app */ = {isa = PBXFileReference; explicitFileType = wrapper.application; includeInIndex = 0; path = "Sound Shaker.app"; sourceTree = BUILT_PRODUCTS_DIR; };
		AF32C0562017B165009CB080 /* AppDelegate.swift */ = {isa = PBXFileReference; lastKnownFileType = sourcecode.swift; path = AppDelegate.swift; sourceTree = "<group>"; };
		AF32C0582017B165009CB080 /* ViewController.swift */ = {isa = PBXFileReference; lastKnownFileType = sourcecode.swift; path = ViewController.swift; sourceTree = "<group>"; };
		AF32C05B2017B165009CB080 /* Base */ = {isa = PBXFileReference; lastKnownFileType = file.storyboard; name = Base; path = Base.lproj/Main.storyboard; sourceTree = "<group>"; };
		AF32C05D2017B165009CB080 /* Assets.xcassets */ = {isa = PBXFileReference; lastKnownFileType = folder.assetcatalog; path = Assets.xcassets; sourceTree = "<group>"; };
		AF32C0602017B165009CB080 /* Base */ = {isa = PBXFileReference; lastKnownFileType = file.storyboard; name = Base; path = Base.lproj/LaunchScreen.storyboard; sourceTree = "<group>"; };
		AF32C0622017B165009CB080 /* Info.plist */ = {isa = PBXFileReference; lastKnownFileType = text.plist.xml; path = Info.plist; sourceTree = "<group>"; };
		AF32C0792017B89B009CB080 /* shots.mp3 */ = {isa = PBXFileReference; lastKnownFileType = audio.mp3; path = shots.mp3; sourceTree = "<group>"; };
		AF32C07A2017B89B009CB080 /* bell.mp3 */ = {isa = PBXFileReference; lastKnownFileType = audio.mp3; path = bell.mp3; sourceTree = "<group>"; };
		AF32C07B2017B89B009CB080 /* rubber.mp3 */ = {isa = PBXFileReference; lastKnownFileType = audio.mp3; path = rubber.mp3; sourceTree = "<group>"; };
		AF32C07C2017B89B009CB080 /* television.mp3 */ = {isa = PBXFileReference; lastKnownFileType = audio.mp3; path = television.mp3; sourceTree = "<group>"; };
		AF32C07D2017B89B009CB080 /* magical.mp3 */ = {isa = PBXFileReference; lastKnownFileType = audio.mp3; path = magical.mp3; sourceTree = "<group>"; };
		AF32C07E2017B89C009CB080 /* mail.mp3 */ = {isa = PBXFileReference; lastKnownFileType = audio.mp3; path = mail.mp3; sourceTree = "<group>"; };
		AF32C07F2017B89C009CB080 /* throat.mp3 */ = {isa = PBXFileReference; lastKnownFileType = audio.mp3; path = throat.mp3; sourceTree = "<group>"; };
		AF32C0802017B89C009CB080 /* fire.mp3 */ = {isa = PBXFileReference; lastKnownFileType = audio.mp3; path = fire.mp3; sourceTree = "<group>"; };
		AF32C0812017B89C009CB080 /* horn.mp3 */ = {isa = PBXFileReference; lastKnownFileType = audio.mp3; path = horn.mp3; sourceTree = "<group>"; };
/* End PBXFileReference section */

/* Begin PBXFrameworksBuildPhase section */
		AF32C0502017B165009CB080 /* Frameworks */ = {
			isa = PBXFrameworksBuildPhase;
			buildActionMask = 2147483647;
			files = (
			);
			runOnlyForDeploymentPostprocessing = 0;
		};
/* End PBXFrameworksBuildPhase section */

/* Begin PBXGroup section */
		AF32C04A2017B165009CB080 = {
			isa = PBXGroup;
			children = (
				AF32C0552017B165009CB080 /* Sound Shaker */,
				AF32C0542017B165009CB080 /* Products */,
			);
			sourceTree = "<group>";
		};
		AF32C0542017B165009CB080 /* Products */ = {
			isa = PBXGroup;
			children = (
				AF32C0532017B165009CB080 /* Sound Shaker.app */,
			);
			name = Products;
			sourceTree = "<group>";
		};
		AF32C0552017B165009CB080 /* Sound Shaker */ = {
			isa = PBXGroup;
			children = (
				AF32C0562017B165009CB080 /* AppDelegate.swift */,
				AF32C0582017B165009CB080 /* ViewController.swift */,
				AF32C05A2017B165009CB080 /* Main.storyboard */,
				AF32C05D2017B165009CB080 /* Assets.xcassets */,
				AF32C05F2017B165009CB080 /* LaunchScreen.storyboard */,
				AF32C0622017B165009CB080 /* Info.plist */,
				AF32C0682017B214009CB080 /* sounds */,
			);
			path = "Sound Shaker";
			sourceTree = "<group>";
		};
		AF32C0682017B214009CB080 /* sounds */ = {
			isa = PBXGroup;
			children = (
				AF32C07A2017B89B009CB080 /* bell.mp3 */,
				AF32C0802017B89C009CB080 /* fire.mp3 */,
				AF32C0812017B89C009CB080 /* horn.mp3 */,
				AF32C07D2017B89B009CB080 /* magical.mp3 */,
				AF32C07E2017B89C009CB080 /* mail.mp3 */,
				AF32C07B2017B89B009CB080 /* rubber.mp3 */,
				AF32C0792017B89B009CB080 /* shots.mp3 */,
				AF32C07C2017B89B009CB080 /* television.mp3 */,
				AF32C07F2017B89C009CB080 /* throat.mp3 */,
			);
			path = sounds;
			sourceTree = "<group>";
		};
/* End PBXGroup section */

/* Begin PBXNativeTarget section */
		AF32C0522017B165009CB080 /* Sound Shaker */ = {
			isa = PBXNativeTarget;
			buildConfigurationList = AF32C0652017B165009CB080 /* Build configuration list for PBXNativeTarget "Sound Shaker" */;
			buildPhases = (
				AF32C04F2017B165009CB080 /* Sources */,
				AF32C0502017B165009CB080 /* Frameworks */,
				AF32C0512017B165009CB080 /* Resources */,
			);
			buildRules = (
			);
			dependencies = (
			);
			name = "Sound Shaker";
			productName = "Sound Shaker";
			productReference = AF32C0532017B165009CB080 /* Sound Shaker.app */;
			productType = "com.apple.product-type.application";
		};
/* End PBXNativeTarget section */

/* Begin PBXProject section */
		AF32C04B2017B165009CB080 /* Project object */ = {
			isa = PBXProject;
			attributes = {
				LastSwiftUpdateCheck = 0920;
				LastUpgradeCheck = 0920;
				ORGANIZATIONNAME = iGarcia;
				TargetAttributes = {
					AF32C0522017B165009CB080 = {
						CreatedOnToolsVersion = 9.2;
						ProvisioningStyle = Automatic;
					};
				};
			};
			buildConfigurationList = AF32C04E2017B165009CB080 /* Build configuration list for PBXProject "Sound Shaker" */;
			compatibilityVersion = "Xcode 8.0";
			developmentRegion = en;
			hasScannedForEncodings = 0;
			knownRegions = (
				en,
				Base,
			);
			mainGroup = AF32C04A2017B165009CB080;
			productRefGroup = AF32C0542017B165009CB080 /* Products */;
			projectDirPath = "";
			projectRoot = "";
			targets = (
				AF32C0522017B165009CB080 /* Sound Shaker */,
			);
		};
/* End PBXProject section */

/* Begin PBXResourcesBuildPhase section */
		AF32C0512017B165009CB080 /* Resources */ = {
			isa = PBXResourcesBuildPhase;
			buildActionMask = 2147483647;
			files = (
				AF32C0842017B89C009CB080 /* rubber.mp3 in Resources */,
				AF32C0822017B89C009CB080 /* shots.mp3 in Resources */,
				AF32C0872017B89C009CB080 /* mail.mp3 in Resources */,
				AF32C0832017B89C009CB080 /* bell.mp3 in Resources */,
				AF32C0882017B89C009CB080 /* throat.mp3 in Resources */,
				AF32C08A2017B89C009CB080 /* horn.mp3 in Resources */,
				AF32C0612017B165009CB080 /* LaunchScreen.storyboard in Resources */,
				AF32C05E2017B165009CB080 /* Assets.xcassets in Resources */,
				AF32C05C2017B165009CB080 /* Main.storyboard in Resources */,
				AF32C0852017B89C009CB080 /* television.mp3 in Resources */,
				AF32C0862017B89C009CB080 /* magical.mp3 in Resources */,
				AF32C0892017B89C009CB080 /* fire.mp3 in Resources */,
			);
			runOnlyForDeploymentPostprocessing = 0;
		};
/* End PBXResourcesBuildPhase section */

/* Begin PBXSourcesBuildPhase section */
		AF32C04F2017B165009CB080 /* Sources */ = {
			isa = PBXSourcesBuildPhase;
			buildActionMask = 2147483647;
			files = (
				AF32C0592017B165009CB080 /* ViewController.swift in Sources */,
				AF32C0572017B165009CB080 /* AppDelegate.swift in Sources */,
			);
			runOnlyForDeploymentPostprocessing = 0;
		};
/* End PBXSourcesBuildPhase section */

/* Begin PBXVariantGroup section */
		AF32C05A2017B165009CB080 /* Main.storyboard */ = {
			isa = PBXVariantGroup;
			children = (
				AF32C05B2017B165009CB080 /* Base */,
			);
			name = Main.storyboard;
			sourceTree = "<group>";
		};
		AF32C05F2017B165009CB080 /* LaunchScreen.storyboard */ = {
			isa = PBXVariantGroup;
			children = (
				AF32C0602017B165009CB080 /* Base */,
			);
			name = LaunchScreen.storyboard;
			sourceTree = "<group>";
		};
/* End PBXVariantGroup section */

/* Begin XCBuildConfiguration section */
		AF32C0632017B165009CB080 /* Debug */ = {
			isa = XCBuildConfiguration;
			buildSettings = {
				ALWAYS_SEARCH_USER_PATHS = NO;
				CLANG_ANALYZER_NONNULL = YES;
				CLANG_ANALYZER_NUMBER_OBJECT_CONVERSION = YES_AGGRESSIVE;
				CLANG_CXX_LANGUAGE_STANDARD = "gnu++14";
				CLANG_CXX_LIBRARY = "libc++";
				CLANG_ENABLE_MODULES = YES;
				CLANG_ENABLE_OBJC_ARC = YES;
				CLANG_WARN_BLOCK_CAPTURE_AUTORELEASING = YES;
				CLANG_WARN_BOOL_CONVERSION = YES;
				CLANG_WARN_COMMA = YES;
				CLANG_WARN_CONSTANT_CONVERSION = YES;
				CLANG_WARN_DIRECT_OBJC_ISA_USAGE = YES_ERROR;
				CLANG_WARN_DOCUMENTATION_COMMENTS = YES;
				CLANG_WARN_EMPTY_BODY = YES;
				CLANG_WARN_ENUM_CONVERSION = YES;
				CLANG_WARN_INFINITE_RECURSION = YES;
				CLANG_WARN_INT_CONVERSION = YES;
				CLANG_WARN_NON_LITERAL_NULL_CONVERSION = YES;
				CLANG_WARN_OBJC_LITERAL_CONVERSION = YES;
				CLANG_WARN_OBJC_ROOT_CLASS = YES_ERROR;
				CLANG_WARN_RANGE_LOOP_ANALYSIS = YES;
				CLANG_WARN_STRICT_PROTOTYPES = YES;
				CLANG_WARN_SUSPICIOUS_MOVE = YES;
				CLANG_WARN_UNGUARDED_AVAILABILITY = YES_AGGRESSIVE;
				CLANG_WARN_UNREACHABLE_CODE = YES;
				CLANG_WARN__DUPLICATE_METHOD_MATCH = YES;
				CODE_SIGN_IDENTITY = "iPhone Developer";
				COPY_PHASE_STRIP = NO;
				DEBUG_INFORMATION_FORMAT = dwarf;
				ENABLE_STRICT_OBJC_MSGSEND = YES;
				ENABLE_TESTABILITY = YES;
				GCC_C_LANGUAGE_STANDARD = gnu11;
				GCC_DYNAMIC_NO_PIC = NO;
				GCC_NO_COMMON_BLOCKS = YES;
				GCC_OPTIMIZATION_LEVEL = 0;
				GCC_PREPROCESSOR_DEFINITIONS = (
					"DEBUG=1",
					"$(inherited)",
				);
				GCC_WARN_64_TO_32_BIT_CONVERSION = YES;
				GCC_WARN_ABOUT_RETURN_TYPE = YES_ERROR;
				GCC_WARN_UNDECLARED_SELECTOR = YES;
				GCC_WARN_UNINITIALIZED_AUTOS = YES_AGGRESSIVE;
				GCC_WARN_UNUSED_FUNCTION = YES;
				GCC_WARN_UNUSED_VARIABLE = YES;
				IPHONEOS_DEPLOYMENT_TARGET = 11.2;
				MTL_ENABLE_DEBUG_INFO = YES;
				ONLY_ACTIVE_ARCH = YES;
				SDKROOT = iphoneos;
				SWIFT_ACTIVE_COMPILATION_CONDITIONS = DEBUG;
				SWIFT_OPTIMIZATION_LEVEL = "-Onone";
			};
			name = Debug;
		};
		AF32C0642017B165009CB080 /* Release */ = {
			isa = XCBuildConfiguration;
			buildSettings = {
				ALWAYS_SEARCH_USER_PATHS = NO;
				CLANG_ANALYZER_NONNULL = YES;
				CLANG_ANALYZER_NUMBER_OBJECT_CONVERSION = YES_AGGRESSIVE;
				CLANG_CXX_LANGUAGE_STANDARD = "gnu++14";
				CLANG_CXX_LIBRARY = "libc++";
				CLANG_ENABLE_MODULES = YES;
				CLANG_ENABLE_OBJC_ARC = YES;
				CLANG_WARN_BLOCK_CAPTURE_AUTORELEASING = YES;
				CLANG_WARN_BOOL_CONVERSION = YES;
				CLANG_WARN_COMMA = YES;
				CLANG_WARN_CONSTANT_CONVERSION = YES;
				CLANG_WARN_DIRECT_OBJC_ISA_USAGE = YES_ERROR;
				CLANG_WARN_DOCUMENTATION_COMMENTS = YES;
				CLANG_WARN_EMPTY_BODY = YES;
				CLANG_WARN_ENUM_CONVERSION = YES;
				CLANG_WARN_INFINITE_RECURSION = YES;
				CLANG_WARN_INT_CONVERSION = YES;
				CLANG_WARN_NON_LITERAL_NULL_CONVERSION = YES;
				CLANG_WARN_OBJC_LITERAL_CONVERSION = YES;
				CLANG_WARN_OBJC_ROOT_CLASS = YES_ERROR;
				CLANG_WARN_RANGE_LOOP_ANALYSIS = YES;
				CLANG_WARN_STRICT_PROTOTYPES = YES;
				CLANG_WARN_SUSPICIOUS_MOVE = YES;
				CLANG_WARN_UNGUARDED_AVAILABILITY = YES_AGGRESSIVE;
				CLANG_WARN_UNREACHABLE_CODE = YES;
				CLANG_WARN__DUPLICATE_METHOD_MATCH = YES;
				CODE_SIGN_IDENTITY = "iPhone Developer";
				COPY_PHASE_STRIP = NO;
				DEBUG_INFORMATION_FORMAT = "dwarf-with-dsym";
				ENABLE_NS_ASSERTIONS = NO;
				ENABLE_STRICT_OBJC_MSGSEND = YES;
				GCC_C_LANGUAGE_STANDARD = gnu11;
				GCC_NO_COMMON_BLOCKS = YES;
				GCC_WARN_64_TO_32_BIT_CONVERSION = YES;
				GCC_WARN_ABOUT_RETURN_TYPE = YES_ERROR;
				GCC_WARN_UNDECLARED_SELECTOR = YES;
				GCC_WARN_UNINITIALIZED_AUTOS = YES_AGGRESSIVE;
				GCC_WARN_UNUSED_FUNCTION = YES;
				GCC_WARN_UNUSED_VARIABLE = YES;
				IPHONEOS_DEPLOYMENT_TARGET = 11.2;
				MTL_ENABLE_DEBUG_INFO = NO;
				SDKROOT = iphoneos;
				SWIFT_OPTIMIZATION_LEVEL = "-Owholemodule";
				VALIDATE_PRODUCT = YES;
			};
			name = Release;
		};
		AF32C0662017B165009CB080 /* Debug */ = {
			isa = XCBuildConfiguration;
			buildSettings = {
				ASSETCATALOG_COMPILER_APPICON_NAME = AppIcon;
				CODE_SIGN_STYLE = Automatic;
				INFOPLIST_FILE = "Sound Shaker/Info.plist";
				LD_RUNPATH_SEARCH_PATHS = "$(inherited) @executable_path/Frameworks";
				PRODUCT_BUNDLE_IDENTIFIER = "com.iGarcia.Sound-Shaker";
				PRODUCT_NAME = "$(TARGET_NAME)";
				SWIFT_VERSION = 4.0;
				TARGETED_DEVICE_FAMILY = "1,2";
			};
			name = Debug;
		};
		AF32C0672017B165009CB080 /* Release */ = {
			isa = XCBuildConfiguration;
			buildSettings = {
				ASSETCATALOG_COMPILER_APPICON_NAME = AppIcon;
				CODE_SIGN_STYLE = Automatic;
				INFOPLIST_FILE = "Sound Shaker/Info.plist";
				LD_RUNPATH_SEARCH_PATHS = "$(inherited) @executable_path/Frameworks";
				PRODUCT_BUNDLE_IDENTIFIER = "com.iGarcia.Sound-Shaker";
				PRODUCT_NAME = "$(TARGET_NAME)";
				SWIFT_VERSION = 4.0;
				TARGETED_DEVICE_FAMILY = "1,2";
			};
			name = Release;
		};
/* End XCBuildConfiguration section */

/* Begin XCConfigurationList section */
		AF32C04E2017B165009CB080 /* Build configuration list for PBXProject "Sound Shaker" */ = {
			isa = XCConfigurationList;
			buildConfigurations = (
				AF32C0632017B165009CB080 /* Debug */,
				AF32C0642017B165009CB080 /* Release */,
			);
			defaultConfigurationIsVisible = 0;
			defaultConfigurationName = Release;
		};
		AF32C0652017B165009CB080 /* Build configuration list for PBXNativeTarget "Sound Shaker" */ = {
			isa = XCConfigurationList;
			buildConfigurations = (
				AF32C0662017B165009CB080 /* Debug */,
				AF32C0672017B165009CB080 /* Release */,
			);
			defaultConfigurationIsVisible = 0;
			defaultConfigurationName = Release;
		};
/* End XCConfigurationList section */
	};
	rootObject = AF32C04B2017B165009CB080 /* Project object */;
}
